
Microsoft Visual Studio Solution File, Format Version 12.00
# Visual Studio 14
VisualStudioVersion = 14.0.25420.1
MinimumVisualStudioVersion = 10.0.40219.1
Project("{FAE04EC0-301F-11D3-BF4B-00C04F79EFBC}") = "MvcWeb", "WebApplication1\MvcWeb.csproj", "{A6C102A5-A3FA-4CAE-BB95-0659C0914E5B}"
EndProject
Project("{FAE04EC0-301F-11D3-BF4B-00C04F79EFBC}") = "Models", "Models\Models.csproj", "{BA854104-50D5-462F-9438-FE5D989B1651}"
EndProject
Global
	GlobalSection(SolutionConfigurationPlatforms) = preSolution
		Debug|Any CPU = Debug|Any CPU
		Release|Any CPU = Release|Any CPU
	EndGlobalSection
	GlobalSection(ProjectConfigurationPlatforms) = postSolution
		{A6C102A5-A3FA-4CAE-BB95-0659C0914E5B}.Debug|Any CPU.ActiveCfg = Debug|Any CPU
		{A6C102A5-A3FA-4CAE-BB95-0659C0914E5B}.Debug|Any CPU.Build.0 = Debug|Any CPU
		{A6C102A5-A3FA-4CAE-BB95-0659C0914E5B}.Release|Any CPU.ActiveCfg = Release|Any CPU
		{A6C102A5-A3FA-4CAE-BB95-0659C0914E5B}.Release|Any CPU.Build.0 = Release|Any CPU
		{BA854104-50D5-462F-9438-FE5D989B1651}.Debug|Any CPU.ActiveCfg = Debug|Any CPU
		{BA854104-50D5-462F-9438-FE5D989B1651}.Debug|Any CPU.Build.0 = Debug|Any CPU
		{BA854104-50D5-462F-9438-FE5D989B1651}.Release|Any CPU.ActiveCfg = Release|Any CPU
		{BA854104-50D5-462F-9438-FE5D989B1651}.Release|Any CPU.Build.0 = Release|Any CPU
	EndGlobalSection
	GlobalSection(SolutionProperties) = preSolution
		HideSolutionNode = FALSE
	EndGlobalSection
EndGlobal
